
Microsoft Visual Studio Solution File, Format Version 12.00
# Visual Studio 15
VisualStudioVersion = 15.0.26730.16
MinimumVisualStudioVersion = 10.0.40219.1
Project("{FAE04EC0-301F-11D3-BF4B-00C04F79EFBC}") = "Calculator", "Calculator\Calculator.csproj", "{C584FAB9-D5D7-4B68-947F-9333AF39AA7C}"
EndProject
Global
	GlobalSection(SolutionConfigurationPlatforms) = preSolution
		Debug|Any CPU = Debug|Any CPU
		Release|Any CPU = Release|Any CPU
	EndGlobalSection
	GlobalSection(ProjectConfigurationPlatforms) = postSolution
		{C584FAB9-D5D7-4B68-947F-9333AF39AA7C}.Debug|Any CPU.ActiveCfg = Debug|Any CPU
		{C584FAB9-D5D7-4B68-947F-9333AF39AA7C}.Debug|Any CPU.Build.0 = Debug|Any CPU
		{C584FAB9-D5D7-4B68-947F-9333AF39AA7C}.Release|Any CPU.ActiveCfg = Release|Any CPU
		{C584FAB9-D5D7-4B68-947F-9333AF39AA7C}.Release|Any CPU.Build.0 = Release|Any CPU
	EndGlobalSection
	GlobalSection(SolutionProperties) = preSolution
		HideSolutionNode = FALSE
	EndGlobalSection
	GlobalSection(ExtensibilityGlobals) = postSolution
		SolutionGuid = {AA25A3DF-93F5-4CDA-A442-EA2B34DE80FB}
	EndGlobalSection
EndGlobal
